
Microsoft Visual Studio Solution File, Format Version 12.00
# Visual Studio Version 17
VisualStudioVersion = 17.3.32922.545
MinimumVisualStudioVersion = 10.0.40219.1
Project("{8BC9CEB8-8B4A-11D0-8D11-00A0C91BC942}") = "SistemaPlanificacionMatriculaModel", "SistemaPlanificacionMatriculaModel\SistemaPlanificacionMatriculaModel.vcxproj", "{6DC2CE2A-E3DF-4B4F-941A-3820F3E21BD9}"
EndProject
Project("{8BC9CEB8-8B4A-11D0-8D11-00A0C91BC942}") = "SistemaPlanificacionMatriculaController", "SistemaPlanificacionMatriculaController\SistemaPlanificacionMatriculaController.vcxproj", "{3516700F-51C6-48F2-89E8-41374F0B5B00}"
EndProject
Project("{8BC9CEB8-8B4A-11D0-8D11-00A0C91BC942}") = "SistemaPlanificacionMatriculaView", "SistemaPlanificacionMatriculaView\SistemaPlanificacionMatriculaView.vcxproj", "{280E0DF2-55B2-43A0-A18E-E7544E5EA104}"
EndProject
Global
	GlobalSection(SolutionConfigurationPlatforms) = preSolution
		Debug|x64 = Debug|x64
		Debug|x86 = Debug|x86
		Release|x64 = Release|x64
		Release|x86 = Release|x86
	EndGlobalSection
	GlobalSection(ProjectConfigurationPlatforms) = postSolution
		{6DC2CE2A-E3DF-4B4F-941A-3820F3E21BD9}.Debug|x64.ActiveCfg = Debug|x64
		{6DC2CE2A-E3DF-4B4F-941A-3820F3E21BD9}.Debug|x64.Build.0 = Debug|x64
		{6DC2CE2A-E3DF-4B4F-941A-3820F3E21BD9}.Debug|x86.ActiveCfg = Debug|Win32
		{6DC2CE2A-E3DF-4B4F-941A-3820F3E21BD9}.Debug|x86.Build.0 = Debug|Win32
		{6DC2CE2A-E3DF-4B4F-941A-3820F3E21BD9}.Release|x64.ActiveCfg = Release|x64
		{6DC2CE2A-E3DF-4B4F-941A-3820F3E21BD9}.Release|x64.Build.0 = Release|x64
		{6DC2CE2A-E3DF-4B4F-941A-3820F3E21BD9}.Release|x86.ActiveCfg = Release|Win32
		{6DC2CE2A-E3DF-4B4F-941A-3820F3E21BD9}.Release|x86.Build.0 = Release|Win32
		{3516700F-51C6-48F2-89E8-41374F0B5B00}.Debug|x64.ActiveCfg = Debug|x64
		{3516700F-51C6-48F2-89E8-41374F0B5B00}.Debug|x64.Build.0 = Debug|x64
		{3516700F-51C6-48F2-89E8-41374F0B5B00}.Debug|x86.ActiveCfg = Debug|Win32
		{3516700F-51C6-48F2-89E8-41374F0B5B00}.Debug|x86.Build.0 = Debug|Win32
		{3516700F-51C6-48F2-89E8-41374F0B5B00}.Release|x64.ActiveCfg = Release|x64
		{3516700F-51C6-48F2-89E8-41374F0B5B00}.Release|x64.Build.0 = Release|x64
		{3516700F-51C6-48F2-89E8-41374F0B5B00}.Release|x86.ActiveCfg = Release|Win32
		{3516700F-51C6-48F2-89E8-41374F0B5B00}.Release|x86.Build.0 = Release|Win32
		{280E0DF2-55B2-43A0-A18E-E7544E5EA104}.Debug|x64.ActiveCfg = Debug|x64
		{280E0DF2-55B2-43A0-A18E-E7544E5EA104}.Debug|x64.Build.0 = Debug|x64
		{280E0DF2-55B2-43A0-A18E-E7544E5EA104}.Debug|x86.ActiveCfg = Debug|Win32
		{280E0DF2-55B2-43A0-A18E-E7544E5EA104}.Debug|x86.Build.0 = Debug|Win32
		{280E0DF2-55B2-43A0-A18E-E7544E5EA104}.Release|x64.ActiveCfg = Release|x64
		{280E0DF2-55B2-43A0-A18E-E7544E5EA104}.Release|x64.Build.0 = Release|x64
		{280E0DF2-55B2-43A0-A18E-E7544E5EA104}.Release|x86.ActiveCfg = Release|Win32
		{280E0DF2-55B2-43A0-A18E-E7544E5EA104}.Release|x86.Build.0 = Release|Win32
	EndGlobalSection
	GlobalSection(SolutionProperties) = preSolution
		HideSolutionNode = FALSE
	EndGlobalSection
	GlobalSection(ExtensibilityGlobals) = postSolution
		SolutionGuid = {3B6E007C-19D4-4EFF-A95E-9DA2AD60DE7C}
	EndGlobalSection
EndGlobal
